// !$*UTF8*$!
{
	archiveVersion = 1;
	classes = {
	};
	objectVersion = 46;
	objects = {

/* Begin PBXBuildFile section */
		90C7BB741E781BB900EDA411 /* AppDelegate.swift in Sources */ = {isa = PBXBuildFile; fileRef = 90C7BB731E781BB900EDA411 /* AppDelegate.swift */; };
		90C7BB761E781BB900EDA411 /* ViewController.swift in Sources */ = {isa = PBXBuildFile; fileRef = 90C7BB751E781BB900EDA411 /* ViewController.swift */; };
		90C7BB791E781BB900EDA411 /* Main.storyboard in Resources */ = {isa = PBXBuildFile; fileRef = 90C7BB771E781BB900EDA411 /* Main.storyboard */; };
		90C7BB7B1E781BB900EDA411 /* Assets.xcassets in Resources */ = {isa = PBXBuildFile; fileRef = 90C7BB7A1E781BB900EDA411 /* Assets.xcassets */; };
		90C7BB7E1E781BB900EDA411 /* LaunchScreen.storyboard in Resources */ = {isa = PBXBuildFile; fileRef = 90C7BB7C1E781BB900EDA411 /* LaunchScreen.storyboard */; };
/* End PBXBuildFile section */

/* Begin PBXFileReference section */
		90C7BB701E781BB900EDA411 /* alertcontroller.app */ = {isa = PBXFileReference; explicitFileType = wrapper.application; includeInIndex = 0; path = alertcontroller.app; sourceTree = BUILT_PRODUCTS_DIR; };
		90C7BB731E781BB900EDA411 /* AppDelegate.swift */ = {isa = PBXFileReference; lastKnownFileType = sourcecode.swift; path = AppDelegate.swift; sourceTree = "<group>"; };
		90C7BB751E781BB900EDA411 /* ViewController.swift */ = {isa = PBXFileReference; lastKnownFileType = sourcecode.swift; path = ViewController.swift; sourceTree = "<group>"; };
		90C7BB781E781BB900EDA411 /* Base */ = {isa = PBXFileReference; lastKnownFileType = file.storyboard; name = Base; path = Base.lproj/Main.storyboard; sourceTree = "<group>"; };
		90C7BB7A1E781BB900EDA411 /* Assets.xcassets */ = {isa = PBXFileReference; lastKnownFileType = folder.assetcatalog; path = Assets.xcassets; sourceTree = "<group>"; };
		90C7BB7D1E781BB900EDA411 /* Base */ = {isa = PBXFileReference; lastKnownFileType = file.storyboard; name = Base; path = Base.lproj/LaunchScreen.storyboard; sourceTree = "<group>"; };
		90C7BB7F1E781BB900EDA411 /* Info.plist */ = {isa = PBXFileReference; lastKnownFileType = text.plist.xml; path = Info.plist; sourceTree = "<group>"; };
/* End PBXFileReference section */

/* Begin PBXFrameworksBuildPhase section */
		90C7BB6D1E781BB900EDA411 /* Frameworks */ = {
			isa = PBXFrameworksBuildPhase;
			buildActionMask = 2147483647;
			files = (
			);
			runOnlyForDeploymentPostprocessing = 0;
		};
/* End PBXFrameworksBuildPhase section */

/* Begin PBXGroup section */
		90C7BB671E781BB900EDA411 = {
			isa = PBXGroup;
			children = (
				90C7BB721E781BB900EDA411 /* alertcontroller */,
				90C7BB711E781BB900EDA411 /* Products */,
			);
			sourceTree = "<group>";
		};
		90C7BB711E781BB900EDA411 /* Products */ = {
			isa = PBXGroup;
			children = (
				90C7BB701E781BB900EDA411 /* alertcontroller.app */,
			);
			name = Products;
			sourceTree = "<group>";
		};
		90C7BB721E781BB900EDA411 /* alertcontroller */ = {
			isa = PBXGroup;
			children = (
				90C7BB731E781BB900EDA411 /* AppDelegate.swift */,
				90C7BB751E781BB900EDA411 /* ViewController.swift */,
				90C7BB771E781BB900EDA411 /* Main.storyboard */,
				90C7BB7A1E781BB900EDA411 /* Assets.xcassets */,
				90C7BB7C1E781BB900EDA411 /* LaunchScreen.storyboard */,
				90C7BB7F1E781BB900EDA411 /* Info.plist */,
			);
			path = alertcontroller;
			sourceTree = "<group>";
		};
/* End PBXGroup section */

/* Begin PBXNativeTarget section */
		90C7BB6F1E781BB900EDA411 /* alertcontroller */ = {
			isa = PBXNativeTarget;
			buildConfigurationList = 90C7BB821E781BB900EDA411 /* Build configuration list for PBXNativeTarget "alertcontroller" */;
			buildPhases = (
				90C7BB6C1E781BB900EDA411 /* Sources */,
				90C7BB6D1E781BB900EDA411 /* Frameworks */,
				90C7BB6E1E781BB900EDA411 /* Resources */,
			);
			buildRules = (
			);
			dependencies = (
			);
			name = alertcontroller;
			productName = alertcontroller;
			productReference = 90C7BB701E781BB900EDA411 /* alertcontroller.app */;
			productType = "com.apple.product-type.application";
		};
/* End PBXNativeTarget section */

/* Begin PBXProject section */
		90C7BB681E781BB900EDA411 /* Project object */ = {
			isa = PBXProject;
			attributes = {
				LastSwiftUpdateCheck = 0820;
				LastUpgradeCheck = 0820;
				ORGANIZATIONNAME = su;
				TargetAttributes = {
					90C7BB6F1E781BB900EDA411 = {
						CreatedOnToolsVersion = 8.2.1;
						DevelopmentTeam = U3CS274EAQ;
						ProvisioningStyle = Automatic;
					};
				};
			};
			buildConfigurationList = 90C7BB6B1E781BB900EDA411 /* Build configuration list for PBXProject "alertcontroller" */;
			compatibilityVersion = "Xcode 3.2";
			developmentRegion = English;
			hasScannedForEncodings = 0;
			knownRegions = (
				en,
				Base,
			);
			mainGroup = 90C7BB671E781BB900EDA411;
			productRefGroup = 90C7BB711E781BB900EDA411 /* Products */;
			projectDirPath = "";
			projectRoot = "";
			targets = (
				90C7BB6F1E781BB900EDA411 /* alertcontroller */,
			);
		};
/* End PBXProject section */

/* Begin PBXResourcesBuildPhase section */
		90C7BB6E1E781BB900EDA411 /* Resources */ = {
			isa = PBXResourcesBuildPhase;
			buildActionMask = 2147483647;
			files = (
				90C7BB7E1E781BB900EDA411 /* LaunchScreen.storyboard in Resources */,
				90C7BB7B1E781BB900EDA411 /* Assets.xcassets in Resources */,
				90C7BB791E781BB900EDA411 /* Main.storyboard in Resources */,
			);
			runOnlyForDeploymentPostprocessing = 0;
		};
/* End PBXResourcesBuildPhase section */

/* Begin PBXSourcesBuildPhase section */
		90C7BB6C1E781BB900EDA411 /* Sources */ = {
			isa = PBXSourcesBuildPhase;
			buildActionMask = 2147483647;
			files = (
				90C7BB761E781BB900EDA411 /* ViewController.swift in Sources */,
				90C7BB741E781BB900EDA411 /* AppDelegate.swift in Sources */,
			);
			runOnlyForDeploymentPostprocessing = 0;
		};
/* End PBXSourcesBuildPhase section */

/* Begin PBXVariantGroup section */
		90C7BB771E781BB900EDA411 /* Main.storyboard */ = {
			isa = PBXVariantGroup;
			children = (
				90C7BB781E781BB900EDA411 /* Base */,
			);
			name = Main.storyboard;
			sourceTree = "<group>";
		};
		90C7BB7C1E781BB900EDA411 /* LaunchScreen.storyboard */ = {
			isa = PBXVariantGroup;
			children = (
				90C7BB7D1E781BB900EDA411 /* Base */,
			);
			name = LaunchScreen.storyboard;
			sourceTree = "<group>";
		};
/* End PBXVariantGroup section */

/* Begin XCBuildConfiguration section */
		90C7BB801E781BB900EDA411 /* Debug */ = {
			isa = XCBuildConfiguration;
			buildSettings = {
				ALWAYS_SEARCH_USER_PATHS = NO;
				CLANG_ANALYZER_NONNULL = YES;
				CLANG_CXX_LANGUAGE_STANDARD = "gnu++0x";
				CLANG_CXX_LIBRARY = "libc++";
				CLANG_ENABLE_MODULES = YES;
				CLANG_ENABLE_OBJC_ARC = YES;
				CLANG_WARN_BOOL_CONVERSION = YES;
				CLANG_WARN_CONSTANT_CONVERSION = YES;
				CLANG_WARN_DIRECT_OBJC_ISA_USAGE = YES_ERROR;
				CLANG_WARN_DOCUMENTATION_COMMENTS = YES;
				CLANG_WARN_EMPTY_BODY = YES;
				CLANG_WARN_ENUM_CONVERSION = YES;
				CLANG_WARN_INFINITE_RECURSION = YES;
				CLANG_WARN_INT_CONVERSION = YES;
				CLANG_WARN_OBJC_ROOT_CLASS = YES_ERROR;
				CLANG_WARN_SUSPICIOUS_MOVE = YES;
				CLANG_WARN_UNREACHABLE_CODE = YES;
				CLANG_WARN__DUPLICATE_METHOD_MATCH = YES;
				"CODE_SIGN_IDENTITY[sdk=iphoneos*]" = "iPhone Developer";
				COPY_PHASE_STRIP = NO;
				DEBUG_INFORMATION_FORMAT = dwarf;
				ENABLE_STRICT_OBJC_MSGSEND = YES;
				ENABLE_TESTABILITY = YES;
				GCC_C_LANGUAGE_STANDARD = gnu99;
				GCC_DYNAMIC_NO_PIC = NO;
				GCC_NO_COMMON_BLOCKS = YES;
				GCC_OPTIMIZATION_LEVEL = 0;
				GCC_PREPROCESSOR_DEFINITIONS = (
					"DEBUG=1",
					"$(inherited)",
				);
				GCC_WARN_64_TO_32_BIT_CONVERSION = YES;
				GCC_WARN_ABOUT_RETURN_TYPE = YES_ERROR;
				GCC_WARN_UNDECLARED_SELECTOR = YES;
				GCC_WARN_UNINITIALIZED_AUTOS = YES_AGGRESSIVE;
				GCC_WARN_UNUSED_FUNCTION = YES;
				GCC_WARN_UNUSED_VARIABLE = YES;
				IPHONEOS_DEPLOYMENT_TARGET = 10.2;
				MTL_ENABLE_DEBUG_INFO = YES;
				ONLY_ACTIVE_ARCH = YES;
				SDKROOT = iphoneos;
				SWIFT_ACTIVE_COMPILATION_CONDITIONS = DEBUG;
				SWIFT_OPTIMIZATION_LEVEL = "-Onone";
			};
			name = Debug;
		};
		90C7BB811E781BB900EDA411 /* Release */ = {
			isa = XCBuildConfiguration;
			buildSettings = {
				ALWAYS_SEARCH_USER_PATHS = NO;
				CLANG_ANALYZER_NONNULL = YES;
				CLANG_CXX_LANGUAGE_STANDARD = "gnu++0x";
				CLANG_CXX_LIBRARY = "libc++";
				CLANG_ENABLE_MODULES = YES;
				CLANG_ENABLE_OBJC_ARC = YES;
				CLANG_WARN_BOOL_CONVERSION = YES;
				CLANG_WARN_CONSTANT_CONVERSION = YES;
				CLANG_WARN_DIRECT_OBJC_ISA_USAGE = YES_ERROR;
				CLANG_WARN_DOCUMENTATION_COMMENTS = YES;
				CLANG_WARN_EMPTY_BODY = YES;
				CLANG_WARN_ENUM_CONVERSION = YES;
				CLANG_WARN_INFINITE_RECURSION = YES;
				CLANG_WARN_INT_CONVERSION = YES;
				CLANG_WARN_OBJC_ROOT_CLASS = YES_ERROR;
				CLANG_WARN_SUSPICIOUS_MOVE = YES;
				CLANG_WARN_UNREACHABLE_CODE = YES;
				CLANG_WARN__DUPLICATE_METHOD_MATCH = YES;
				"CODE_SIGN_IDENTITY[sdk=iphoneos*]" = "iPhone Developer";
				COPY_PHASE_STRIP = NO;
				DEBUG_INFORMATION_FORMAT = "dwarf-with-dsym";
				ENABLE_NS_ASSERTIONS = NO;
				ENABLE_STRICT_OBJC_MSGSEND = YES;
				GCC_C_LANGUAGE_STANDARD = gnu99;
				GCC_NO_COMMON_BLOCKS = YES;
				GCC_WARN_64_TO_32_BIT_CONVERSION = YES;
				GCC_WARN_ABOUT_RETURN_TYPE = YES_ERROR;
				GCC_WARN_UNDECLARED_SELECTOR = YES;
				GCC_WARN_UNINITIALIZED_AUTOS = YES_AGGRESSIVE;
				GCC_WARN_UNUSED_FUNCTION = YES;
				GCC_WARN_UNUSED_VARIABLE = YES;
				IPHONEOS_DEPLOYMENT_TARGET = 10.2;
				MTL_ENABLE_DEBUG_INFO = NO;
				SDKROOT = iphoneos;
				SWIFT_OPTIMIZATION_LEVEL = "-Owholemodule";
				VALIDATE_PRODUCT = YES;
			};
			name = Release;
		};
		90C7BB831E781BB900EDA411 /* Debug */ = {
			isa = XCBuildConfiguration;
			buildSettings = {
				ASSETCATALOG_COMPILER_APPICON_NAME = AppIcon;
				DEVELOPMENT_TEAM = U3CS274EAQ;
				INFOPLIST_FILE = alertcontroller/Info.plist;
				LD_RUNPATH_SEARCH_PATHS = "$(inherited) @executable_path/Frameworks";
				PRODUCT_BUNDLE_IDENTIFIER = com.suwei.alertcontroller;
				PRODUCT_NAME = "$(TARGET_NAME)";
				SWIFT_VERSION = 3.0;
			};
			name = Debug;
		};
		90C7BB841E781BB900EDA411 /* Release */ = {
			isa = XCBuildConfiguration;
			buildSettings = {
				ASSETCATALOG_COMPILER_APPICON_NAME = AppIcon;
				DEVELOPMENT_TEAM = U3CS274EAQ;
				INFOPLIST_FILE = alertcontroller/Info.plist;
				LD_RUNPATH_SEARCH_PATHS = "$(inherited) @executable_path/Frameworks";
				PRODUCT_BUNDLE_IDENTIFIER = com.suwei.alertcontroller;
				PRODUCT_NAME = "$(TARGET_NAME)";
				SWIFT_VERSION = 3.0;
			};
			name = Release;
		};
/* End XCBuildConfiguration section */

/* Begin XCConfigurationList section */
		90C7BB6B1E781BB900EDA411 /* Build configuration list for PBXProject "alertcontroller" */ = {
			isa = XCConfigurationList;
			buildConfigurations = (
				90C7BB801E781BB900EDA411 /* Debug */,
				90C7BB811E781BB900EDA411 /* Release */,
			);
			defaultConfigurationIsVisible = 0;
			defaultConfigurationName = Release;
		};
		90C7BB821E781BB900EDA411 /* Build configuration list for PBXNativeTarget "alertcontroller" */ = {
			isa = XCConfigurationList;
			buildConfigurations = (
				90C7BB831E781BB900EDA411 /* Debug */,
				90C7BB841E781BB900EDA411 /* Release */,
			);
			defaultConfigurationIsVisible = 0;
		};
/* End XCConfigurationList section */
	};
	rootObject = 90C7BB681E781BB900EDA411 /* Project object */;
}
